// !$*UTF8*$!
{
	archiveVersion = 1;
	classes = {
	};
	objectVersion = 56;
	objects = {

/* Begin PBXBuildFile section */
		4980B57B2CBE622E006376CC /* AppDelegate.swift in Sources */ = {isa = PBXBuildFile; fileRef = 4980B57A2CBE622E006376CC /* AppDelegate.swift */; };
		4980B57D2CBE622E006376CC /* SceneDelegate.swift in Sources */ = {isa = PBXBuildFile; fileRef = 4980B57C2CBE622E006376CC /* SceneDelegate.swift */; };
		4980B57F2CBE622E006376CC /* LoginViewController.swift in Sources */ = {isa = PBXBuildFile; fileRef = 4980B57E2CBE622E006376CC /* LoginViewController.swift */; };
		4980B5822CBE622E006376CC /* Main.storyboard in Resources */ = {isa = PBXBuildFile; fileRef = 4980B5802CBE622E006376CC /* Main.storyboard */; };
		4980B5842CBE6232006376CC /* Assets.xcassets in Resources */ = {isa = PBXBuildFile; fileRef = 4980B5832CBE6232006376CC /* Assets.xcassets */; };
		4980B5872CBE6232006376CC /* LaunchScreen.storyboard in Resources */ = {isa = PBXBuildFile; fileRef = 4980B5852CBE6232006376CC /* LaunchScreen.storyboard */; };
		4980B5922CBE6233006376CC /* WhatAnAppTests.swift in Sources */ = {isa = PBXBuildFile; fileRef = 4980B5912CBE6233006376CC /* WhatAnAppTests.swift */; };
		4980B59C2CBE6233006376CC /* WhatAnAppUITests.swift in Sources */ = {isa = PBXBuildFile; fileRef = 4980B59B2CBE6233006376CC /* WhatAnAppUITests.swift */; };
		4980B59E2CBE6233006376CC /* WhatAnAppUITestsLaunchTests.swift in Sources */ = {isa = PBXBuildFile; fileRef = 4980B59D2CBE6233006376CC /* WhatAnAppUITestsLaunchTests.swift */; };
		499685D92CBF4FEF00E3A6EB /* CustomCollectionViewCell.swift in Sources */ = {isa = PBXBuildFile; fileRef = 499685D72CBF4FEF00E3A6EB /* CustomCollectionViewCell.swift */; };
		499685DA2CBF4FEF00E3A6EB /* CustomCollectionViewCell.xib in Resources */ = {isa = PBXBuildFile; fileRef = 499685D82CBF4FEF00E3A6EB /* CustomCollectionViewCell.xib */; };
		499685DD2CBF517800E3A6EB /* CellModel.swift in Sources */ = {isa = PBXBuildFile; fileRef = 499685DC2CBF517800E3A6EB /* CellModel.swift */; };
		499685E42CBF7C4500E3A6EB /* ProfileBaseTableViewCell.xib in Resources */ = {isa = PBXBuildFile; fileRef = 499685E02CBF7C4500E3A6EB /* ProfileBaseTableViewCell.xib */; };
		499685E52CBF7C4500E3A6EB /* ProfileBaseTableViewCell.swift in Sources */ = {isa = PBXBuildFile; fileRef = 499685E12CBF7C4500E3A6EB /* ProfileBaseTableViewCell.swift */; };
		499685E62CBF7C4500E3A6EB /* ProfileMainTableViewCell.swift in Sources */ = {isa = PBXBuildFile; fileRef = 499685E22CBF7C4500E3A6EB /* ProfileMainTableViewCell.swift */; };
		499685E72CBF7C4500E3A6EB /* ProfileMainTableViewCell.xib in Resources */ = {isa = PBXBuildFile; fileRef = 499685E32CBF7C4500E3A6EB /* ProfileMainTableViewCell.xib */; };
		499685EA2CBF7E2400E3A6EB /* Person.swift in Sources */ = {isa = PBXBuildFile; fileRef = 499685E92CBF7E2400E3A6EB /* Person.swift */; };
		499685EF2CBF851900E3A6EB /* Localizable.strings in Resources */ = {isa = PBXBuildFile; fileRef = 499685F12CBF851900E3A6EB /* Localizable.strings */; };
		499685F52CBF856800E3A6EB /* Helper.swift in Sources */ = {isa = PBXBuildFile; fileRef = 499685F42CBF856800E3A6EB /* Helper.swift */; };
		49A0F09A2CBE7003006776B8 /* ProfileViewController.swift in Sources */ = {isa = PBXBuildFile; fileRef = 49A0F0992CBE7003006776B8 /* ProfileViewController.swift */; };
		49A0F09C2CBE7012006776B8 /* HomeViewController.swift in Sources */ = {isa = PBXBuildFile; fileRef = 49A0F09B2CBE7012006776B8 /* HomeViewController.swift */; };
/* End PBXBuildFile section */

/* Begin PBXContainerItemProxy section */
		4980B58E2CBE6233006376CC /* PBXContainerItemProxy */ = {
			isa = PBXContainerItemProxy;
			containerPortal = 4980B56F2CBE622E006376CC /* Project object */;
			proxyType = 1;
			remoteGlobalIDString = 4980B5762CBE622E006376CC;
			remoteInfo = WhatAnApp;
		};
		4980B5982CBE6233006376CC /* PBXContainerItemProxy */ = {
			isa = PBXContainerItemProxy;
			containerPortal = 4980B56F2CBE622E006376CC /* Project object */;
			proxyType = 1;
			remoteGlobalIDString = 4980B5762CBE622E006376CC;
			remoteInfo = WhatAnApp;
		};
/* End PBXContainerItemProxy section */

/* Begin PBXFileReference section */
		4980B5772CBE622E006376CC /* WhatAnApp.app */ = {isa = PBXFileReference; explicitFileType = wrapper.application; includeInIndex = 0; path = WhatAnApp.app; sourceTree = BUILT_PRODUCTS_DIR; };
		4980B57A2CBE622E006376CC /* AppDelegate.swift */ = {isa = PBXFileReference; lastKnownFileType = sourcecode.swift; path = AppDelegate.swift; sourceTree = "<group>"; };
		4980B57C2CBE622E006376CC /* SceneDelegate.swift */ = {isa = PBXFileReference; lastKnownFileType = sourcecode.swift; path = SceneDelegate.swift; sourceTree = "<group>"; };
		4980B57E2CBE622E006376CC /* LoginViewController.swift */ = {isa = PBXFileReference; lastKnownFileType = sourcecode.swift; path = LoginViewController.swift; sourceTree = "<group>"; };
		4980B5812CBE622E006376CC /* Base */ = {isa = PBXFileReference; lastKnownFileType = file.storyboard; name = Base; path = Base.lproj/Main.storyboard; sourceTree = "<group>"; };
		4980B5832CBE6232006376CC /* Assets.xcassets */ = {isa = PBXFileReference; lastKnownFileType = folder.assetcatalog; path = Assets.xcassets; sourceTree = "<group>"; };
		4980B5862CBE6232006376CC /* Base */ = {isa = PBXFileReference; lastKnownFileType = file.storyboard; name = Base; path = Base.lproj/LaunchScreen.storyboard; sourceTree = "<group>"; };
		4980B5882CBE6232006376CC /* Info.plist */ = {isa = PBXFileReference; lastKnownFileType = text.plist.xml; path = Info.plist; sourceTree = "<group>"; };
		4980B58D2CBE6233006376CC /* WhatAnAppTests.xctest */ = {isa = PBXFileReference; explicitFileType = wrapper.cfbundle; includeInIndex = 0; path = WhatAnAppTests.xctest; sourceTree = BUILT_PRODUCTS_DIR; };
		4980B5912CBE6233006376CC /* WhatAnAppTests.swift */ = {isa = PBXFileReference; lastKnownFileType = sourcecode.swift; path = WhatAnAppTests.swift; sourceTree = "<group>"; };
		4980B5972CBE6233006376CC /* WhatAnAppUITests.xctest */ = {isa = PBXFileReference; explicitFileType = wrapper.cfbundle; includeInIndex = 0; path = WhatAnAppUITests.xctest; sourceTree = BUILT_PRODUCTS_DIR; };
		4980B59B2CBE6233006376CC /* WhatAnAppUITests.swift */ = {isa = PBXFileReference; lastKnownFileType = sourcecode.swift; path = WhatAnAppUITests.swift; sourceTree = "<group>"; };
		4980B59D2CBE6233006376CC /* WhatAnAppUITestsLaunchTests.swift */ = {isa = PBXFileReference; lastKnownFileType = sourcecode.swift; path = WhatAnAppUITestsLaunchTests.swift; sourceTree = "<group>"; };
		499685D72CBF4FEF00E3A6EB /* CustomCollectionViewCell.swift */ = {isa = PBXFileReference; lastKnownFileType = sourcecode.swift; path = CustomCollectionViewCell.swift; sourceTree = "<group>"; };
		499685D82CBF4FEF00E3A6EB /* CustomCollectionViewCell.xib */ = {isa = PBXFileReference; lastKnownFileType = file.xib; path = CustomCollectionViewCell.xib; sourceTree = "<group>"; };
		499685DC2CBF517800E3A6EB /* CellModel.swift */ = {isa = PBXFileReference; lastKnownFileType = sourcecode.swift; path = CellModel.swift; sourceTree = "<group>"; };
		499685E02CBF7C4500E3A6EB /* ProfileBaseTableViewCell.xib */ = {isa = PBXFileReference; fileEncoding = 4; lastKnownFileType = file.xib; path = ProfileBaseTableViewCell.xib; sourceTree = "<group>"; };
		499685E12CBF7C4500E3A6EB /* ProfileBaseTableViewCell.swift */ = {isa = PBXFileReference; fileEncoding = 4; lastKnownFileType = sourcecode.swift; path = ProfileBaseTableViewCell.swift; sourceTree = "<group>"; };
		499685E22CBF7C4500E3A6EB /* ProfileMainTableViewCell.swift */ = {isa = PBXFileReference; fileEncoding = 4; lastKnownFileType = sourcecode.swift; path = ProfileMainTableViewCell.swift; sourceTree = "<group>"; };
		499685E32CBF7C4500E3A6EB /* ProfileMainTableViewCell.xib */ = {isa = PBXFileReference; fileEncoding = 4; lastKnownFileType = file.xib; path = ProfileMainTableViewCell.xib; sourceTree = "<group>"; };
		499685E92CBF7E2400E3A6EB /* Person.swift */ = {isa = PBXFileReference; lastKnownFileType = sourcecode.swift; path = Person.swift; sourceTree = "<group>"; };
		499685EB2CBF83F300E3A6EB /* zh-Hans */ = {isa = PBXFileReference; lastKnownFileType = text.plist.strings; name = "zh-Hans"; path = "zh-Hans.lproj/Main.strings"; sourceTree = "<group>"; };
		499685EC2CBF83F400E3A6EB /* zh-Hans */ = {isa = PBXFileReference; lastKnownFileType = text.plist.strings; name = "zh-Hans"; path = "zh-Hans.lproj/LaunchScreen.strings"; sourceTree = "<group>"; };
		499685F42CBF856800E3A6EB /* Helper.swift */ = {isa = PBXFileReference; lastKnownFileType = sourcecode.swift; path = Helper.swift; sourceTree = "<group>"; };
		499685F72CBF86E300E3A6EB /* en */ = {isa = PBXFileReference; lastKnownFileType = text.plist.strings; name = en; path = en.lproj/Localizable.strings; sourceTree = "<group>"; };
		49A0F0992CBE7003006776B8 /* ProfileViewController.swift */ = {isa = PBXFileReference; lastKnownFileType = sourcecode.swift; path = ProfileViewController.swift; sourceTree = "<group>"; };
		49A0F09B2CBE7012006776B8 /* HomeViewController.swift */ = {isa = PBXFileReference; lastKnownFileType = sourcecode.swift; path = HomeViewController.swift; sourceTree = "<group>"; };
/* End PBXFileReference section */

/* Begin PBXFrameworksBuildPhase section */
		4980B5742CBE622E006376CC /* Frameworks */ = {
			isa = PBXFrameworksBuildPhase;
			buildActionMask = 2147483647;
			files = (
			);
			runOnlyForDeploymentPostprocessing = 0;
		};
		4980B58A2CBE6233006376CC /* Frameworks */ = {
			isa = PBXFrameworksBuildPhase;
			buildActionMask = 2147483647;
			files = (
			);
			runOnlyForDeploymentPostprocessing = 0;
		};
		4980B5942CBE6233006376CC /* Frameworks */ = {
			isa = PBXFrameworksBuildPhase;
			buildActionMask = 2147483647;
			files = (
			);
			runOnlyForDeploymentPostprocessing = 0;
		};
/* End PBXFrameworksBuildPhase section */

/* Begin PBXGroup section */
		4980B56E2CBE622E006376CC = {
			isa = PBXGroup;
			children = (
				4980B5792CBE622E006376CC /* WhatAnApp */,
				4980B5902CBE6233006376CC /* WhatAnAppTests */,
				4980B59A2CBE6233006376CC /* WhatAnAppUITests */,
				4980B5782CBE622E006376CC /* Products */,
			);
			sourceTree = "<group>";
		};
		4980B5782CBE622E006376CC /* Products */ = {
			isa = PBXGroup;
			children = (
				4980B5772CBE622E006376CC /* WhatAnApp.app */,
				4980B58D2CBE6233006376CC /* WhatAnAppTests.xctest */,
				4980B5972CBE6233006376CC /* WhatAnAppUITests.xctest */,
			);
			name = Products;
			sourceTree = "<group>";
		};
		4980B5792CBE622E006376CC /* WhatAnApp */ = {
			isa = PBXGroup;
			children = (
				499685D42CBF447900E3A6EB /* ProfilePage */,
				499685D32CBF446F00E3A6EB /* LoginPage */,
				499685D22CBF445F00E3A6EB /* HomePage */,
				499685E82CBF7E0B00E3A6EB /* Model */,
				499685F32CBF855300E3A6EB /* Common */,
				4980B57A2CBE622E006376CC /* AppDelegate.swift */,
				4980B57C2CBE622E006376CC /* SceneDelegate.swift */,
				4980B5802CBE622E006376CC /* Main.storyboard */,
				4980B5832CBE6232006376CC /* Assets.xcassets */,
				4980B5852CBE6232006376CC /* LaunchScreen.storyboard */,
				4980B5882CBE6232006376CC /* Info.plist */,
				499685F12CBF851900E3A6EB /* Localizable.strings */,
			);
			path = WhatAnApp;
			sourceTree = "<group>";
		};
		4980B5902CBE6233006376CC /* WhatAnAppTests */ = {
			isa = PBXGroup;
			children = (
				4980B5912CBE6233006376CC /* WhatAnAppTests.swift */,
			);
			path = WhatAnAppTests;
			sourceTree = "<group>";
		};
		4980B59A2CBE6233006376CC /* WhatAnAppUITests */ = {
			isa = PBXGroup;
			children = (
				4980B59B2CBE6233006376CC /* WhatAnAppUITests.swift */,
				4980B59D2CBE6233006376CC /* WhatAnAppUITestsLaunchTests.swift */,
			);
			path = WhatAnAppUITests;
			sourceTree = "<group>";
		};
		499685D22CBF445F00E3A6EB /* HomePage */ = {
			isa = PBXGroup;
			children = (
				499685DB2CBF510200E3A6EB /* ViewModel */,
				499685D62CBF4FBF00E3A6EB /* View */,
				49A0F09B2CBE7012006776B8 /* HomeViewController.swift */,
			);
			path = HomePage;
			sourceTree = "<group>";
		};
		499685D32CBF446F00E3A6EB /* LoginPage */ = {
			isa = PBXGroup;
			children = (
				4980B57E2CBE622E006376CC /* LoginViewController.swift */,
			);
			path = LoginPage;
			sourceTree = "<group>";
		};
		499685D42CBF447900E3A6EB /* ProfilePage */ = {
			isa = PBXGroup;
			children = (
				499685DE2CBF7BCA00E3A6EB /* View */,
				49A0F0992CBE7003006776B8 /* ProfileViewController.swift */,
			);
			path = ProfilePage;
			sourceTree = "<group>";
		};
		499685D62CBF4FBF00E3A6EB /* View */ = {
			isa = PBXGroup;
			children = (
				499685D72CBF4FEF00E3A6EB /* CustomCollectionViewCell.swift */,
				499685D82CBF4FEF00E3A6EB /* CustomCollectionViewCell.xib */,
			);
			path = View;
			sourceTree = "<group>";
		};
		499685DB2CBF510200E3A6EB /* ViewModel */ = {
			isa = PBXGroup;
			children = (
				499685DC2CBF517800E3A6EB /* CellModel.swift */,
			);
			path = ViewModel;
			sourceTree = "<group>";
		};
		499685DE2CBF7BCA00E3A6EB /* View */ = {
			isa = PBXGroup;
			children = (
				499685E12CBF7C4500E3A6EB /* ProfileBaseTableViewCell.swift */,
				499685E02CBF7C4500E3A6EB /* ProfileBaseTableViewCell.xib */,
				499685E22CBF7C4500E3A6EB /* ProfileMainTableViewCell.swift */,
				499685E32CBF7C4500E3A6EB /* ProfileMainTableViewCell.xib */,
			);
			path = View;
			sourceTree = "<group>";
		};
		499685E82CBF7E0B00E3A6EB /* Model */ = {
			isa = PBXGroup;
			children = (
				499685E92CBF7E2400E3A6EB /* Person.swift */,
			);
			path = Model;
			sourceTree = "<group>";
		};
		499685F32CBF855300E3A6EB /* Common */ = {
			isa = PBXGroup;
			children = (
				499685F42CBF856800E3A6EB /* Helper.swift */,
			);
			path = Common;
			sourceTree = "<group>";
		};
/* End PBXGroup section */

/* Begin PBXNativeTarget section */
		4980B5762CBE622E006376CC /* WhatAnApp */ = {
			isa = PBXNativeTarget;
			buildConfigurationList = 4980B5A12CBE6233006376CC /* Build configuration list for PBXNativeTarget "WhatAnApp" */;
			buildPhases = (
				4980B5732CBE622E006376CC /* Sources */,
				4980B5742CBE622E006376CC /* Frameworks */,
				4980B5752CBE622E006376CC /* Resources */,
			);
			buildRules = (
			);
			dependencies = (
			);
			name = WhatAnApp;
			productName = WhatAnApp;
			productReference = 4980B5772CBE622E006376CC /* WhatAnApp.app */;
			productType = "com.apple.product-type.application";
		};
		4980B58C2CBE6233006376CC /* WhatAnAppTests */ = {
			isa = PBXNativeTarget;
			buildConfigurationList = 4980B5A42CBE6233006376CC /* Build configuration list for PBXNativeTarget "WhatAnAppTests" */;
			buildPhases = (
				4980B5892CBE6233006376CC /* Sources */,
				4980B58A2CBE6233006376CC /* Frameworks */,
				4980B58B2CBE6233006376CC /* Resources */,
			);
			buildRules = (
			);
			dependencies = (
				4980B58F2CBE6233006376CC /* PBXTargetDependency */,
			);
			name = WhatAnAppTests;
			productName = WhatAnAppTests;
			productReference = 4980B58D2CBE6233006376CC /* WhatAnAppTests.xctest */;
			productType = "com.apple.product-type.bundle.unit-test";
		};
		4980B5962CBE6233006376CC /* WhatAnAppUITests */ = {
			isa = PBXNativeTarget;
			buildConfigurationList = 4980B5A72CBE6233006376CC /* Build configuration list for PBXNativeTarget "WhatAnAppUITests" */;
			buildPhases = (
				4980B5932CBE6233006376CC /* Sources */,
				4980B5942CBE6233006376CC /* Frameworks */,
				4980B5952CBE6233006376CC /* Resources */,
			);
			buildRules = (
			);
			dependencies = (
				4980B5992CBE6233006376CC /* PBXTargetDependency */,
			);
			name = WhatAnAppUITests;
			productName = WhatAnAppUITests;
			productReference = 4980B5972CBE6233006376CC /* WhatAnAppUITests.xctest */;
			productType = "com.apple.product-type.bundle.ui-testing";
		};
/* End PBXNativeTarget section */

/* Begin PBXProject section */
		4980B56F2CBE622E006376CC /* Project object */ = {
			isa = PBXProject;
			attributes = {
				BuildIndependentTargetsInParallel = 1;
				LastSwiftUpdateCheck = 1520;
				LastUpgradeCheck = 1520;
				TargetAttributes = {
					4980B5762CBE622E006376CC = {
						CreatedOnToolsVersion = 15.2;
					};
					4980B58C2CBE6233006376CC = {
						CreatedOnToolsVersion = 15.2;
						TestTargetID = 4980B5762CBE622E006376CC;
					};
					4980B5962CBE6233006376CC = {
						CreatedOnToolsVersion = 15.2;
						TestTargetID = 4980B5762CBE622E006376CC;
					};
				};
			};
			buildConfigurationList = 4980B5722CBE622E006376CC /* Build configuration list for PBXProject "WhatAnApp" */;
			compatibilityVersion = "Xcode 14.0";
			developmentRegion = en;
			hasScannedForEncodings = 0;
			knownRegions = (
				en,
				Base,
				"zh-Hans",
			);
			mainGroup = 4980B56E2CBE622E006376CC;
			productRefGroup = 4980B5782CBE622E006376CC /* Products */;
			projectDirPath = "";
			projectRoot = "";
			targets = (
				4980B5762CBE622E006376CC /* WhatAnApp */,
				4980B58C2CBE6233006376CC /* WhatAnAppTests */,
				4980B5962CBE6233006376CC /* WhatAnAppUITests */,
			);
		};
/* End PBXProject section */

/* Begin PBXResourcesBuildPhase section */
		4980B5752CBE622E006376CC /* Resources */ = {
			isa = PBXResourcesBuildPhase;
			buildActionMask = 2147483647;
			files = (
				4980B5872CBE6232006376CC /* LaunchScreen.storyboard in Resources */,
				4980B5842CBE6232006376CC /* Assets.xcassets in Resources */,
				4980B5822CBE622E006376CC /* Main.storyboard in Resources */,
				499685EF2CBF851900E3A6EB /* Localizable.strings in Resources */,
				499685DA2CBF4FEF00E3A6EB /* CustomCollectionViewCell.xib in Resources */,
				499685E72CBF7C4500E3A6EB /* ProfileMainTableViewCell.xib in Resources */,
				499685E42CBF7C4500E3A6EB /* ProfileBaseTableViewCell.xib in Resources */,
			);
			runOnlyForDeploymentPostprocessing = 0;
		};
		4980B58B2CBE6233006376CC /* Resources */ = {
			isa = PBXResourcesBuildPhase;
			buildActionMask = 2147483647;
			files = (
			);
			runOnlyForDeploymentPostprocessing = 0;
		};
		4980B5952CBE6233006376CC /* Resources */ = {
			isa = PBXResourcesBuildPhase;
			buildActionMask = 2147483647;
			files = (
			);
			runOnlyForDeploymentPostprocessing = 0;
		};
/* End PBXResourcesBuildPhase section */

/* Begin PBXSourcesBuildPhase section */
		4980B5732CBE622E006376CC /* Sources */ = {
			isa = PBXSourcesBuildPhase;
			buildActionMask = 2147483647;
			files = (
				499685F52CBF856800E3A6EB /* Helper.swift in Sources */,
				499685EA2CBF7E2400E3A6EB /* Person.swift in Sources */,
				499685E52CBF7C4500E3A6EB /* ProfileBaseTableViewCell.swift in Sources */,
				49A0F09C2CBE7012006776B8 /* HomeViewController.swift in Sources */,
				499685D92CBF4FEF00E3A6EB /* CustomCollectionViewCell.swift in Sources */,
				4980B57F2CBE622E006376CC /* LoginViewController.swift in Sources */,
				499685E62CBF7C4500E3A6EB /* ProfileMainTableViewCell.swift in Sources */,
				4980B57B2CBE622E006376CC /* AppDelegate.swift in Sources */,
				499685DD2CBF517800E3A6EB /* CellModel.swift in Sources */,
				49A0F09A2CBE7003006776B8 /* ProfileViewController.swift in Sources */,
				4980B57D2CBE622E006376CC /* SceneDelegate.swift in Sources */,
			);
			runOnlyForDeploymentPostprocessing = 0;
		};
		4980B5892CBE6233006376CC /* Sources */ = {
			isa = PBXSourcesBuildPhase;
			buildActionMask = 2147483647;
			files = (
				4980B5922CBE6233006376CC /* WhatAnAppTests.swift in Sources */,
			);
			runOnlyForDeploymentPostprocessing = 0;
		};
		4980B5932CBE6233006376CC /* Sources */ = {
			isa = PBXSourcesBuildPhase;
			buildActionMask = 2147483647;
			files = (
				4980B59C2CBE6233006376CC /* WhatAnAppUITests.swift in Sources */,
				4980B59E2CBE6233006376CC /* WhatAnAppUITestsLaunchTests.swift in Sources */,
			);
			runOnlyForDeploymentPostprocessing = 0;
		};
/* End PBXSourcesBuildPhase section */

/* Begin PBXTargetDependency section */
		4980B58F2CBE6233006376CC /* PBXTargetDependency */ = {
			isa = PBXTargetDependency;
			target = 4980B5762CBE622E006376CC /* WhatAnApp */;
			targetProxy = 4980B58E2CBE6233006376CC /* PBXContainerItemProxy */;
		};
		4980B5992CBE6233006376CC /* PBXTargetDependency */ = {
			isa = PBXTargetDependency;
			target = 4980B5762CBE622E006376CC /* WhatAnApp */;
			targetProxy = 4980B5982CBE6233006376CC /* PBXContainerItemProxy */;
		};
/* End PBXTargetDependency section */

/* Begin PBXVariantGroup section */
		4980B5802CBE622E006376CC /* Main.storyboard */ = {
			isa = PBXVariantGroup;
			children = (
				4980B5812CBE622E006376CC /* Base */,
				499685EB2CBF83F300E3A6EB /* zh-Hans */,
			);
			name = Main.storyboard;
			sourceTree = "<group>";
		};
		4980B5852CBE6232006376CC /* LaunchScreen.storyboard */ = {
			isa = PBXVariantGroup;
			children = (
				4980B5862CBE6232006376CC /* Base */,
				499685EC2CBF83F400E3A6EB /* zh-Hans */,
			);
			name = LaunchScreen.storyboard;
			sourceTree = "<group>";
		};
		499685F12CBF851900E3A6EB /* Localizable.strings */ = {
			isa = PBXVariantGroup;
			children = (
				499685F72CBF86E300E3A6EB /* en */,
			);
			name = Localizable.strings;
			sourceTree = "<group>";
		};
/* End PBXVariantGroup section */

/* Begin XCBuildConfiguration section */
		4980B59F2CBE6233006376CC /* Debug */ = {
			isa = XCBuildConfiguration;
			buildSettings = {
				ALWAYS_SEARCH_USER_PATHS = NO;
				ASSETCATALOG_COMPILER_GENERATE_SWIFT_ASSET_SYMBOL_EXTENSIONS = YES;
				CLANG_ANALYZER_LOCALIZABILITY_NONLOCALIZED = YES;
				CLANG_ANALYZER_NONNULL = YES;
				CLANG_ANALYZER_NUMBER_OBJECT_CONVERSION = YES_AGGRESSIVE;
				CLANG_CXX_LANGUAGE_STANDARD = "gnu++20";
				CLANG_ENABLE_MODULES = YES;
				CLANG_ENABLE_OBJC_ARC = YES;
				CLANG_ENABLE_OBJC_WEAK = YES;
				CLANG_WARN_BLOCK_CAPTURE_AUTORELEASING = YES;
				CLANG_WARN_BOOL_CONVERSION = YES;
				CLANG_WARN_COMMA = YES;
				CLANG_WARN_CONSTANT_CONVERSION = YES;
				CLANG_WARN_DEPRECATED_OBJC_IMPLEMENTATIONS = YES;
				CLANG_WARN_DIRECT_OBJC_ISA_USAGE = YES_ERROR;
				CLANG_WARN_DOCUMENTATION_COMMENTS = YES;
				CLANG_WARN_EMPTY_BODY = YES;
				CLANG_WARN_ENUM_CONVERSION = YES;
				CLANG_WARN_INFINITE_RECURSION = YES;
				CLANG_WARN_INT_CONVERSION = YES;
				CLANG_WARN_NON_LITERAL_NULL_CONVERSION = YES;
				CLANG_WARN_OBJC_IMPLICIT_RETAIN_SELF = YES;
				CLANG_WARN_OBJC_LITERAL_CONVERSION = YES;
				CLANG_WARN_OBJC_ROOT_CLASS = YES_ERROR;
				CLANG_WARN_QUOTED_INCLUDE_IN_FRAMEWORK_HEADER = YES;
				CLANG_WARN_RANGE_LOOP_ANALYSIS = YES;
				CLANG_WARN_STRICT_PROTOTYPES = YES;
				CLANG_WARN_SUSPICIOUS_MOVE = YES;
				CLANG_WARN_UNGUARDED_AVAILABILITY = YES_AGGRESSIVE;
				CLANG_WARN_UNREACHABLE_CODE = YES;
				CLANG_WARN__DUPLICATE_METHOD_MATCH = YES;
				COPY_PHASE_STRIP = NO;
				DEBUG_INFORMATION_FORMAT = dwarf;
				ENABLE_STRICT_OBJC_MSGSEND = YES;
				ENABLE_TESTABILITY = YES;
				ENABLE_USER_SCRIPT_SANDBOXING = YES;
				GCC_C_LANGUAGE_STANDARD = gnu17;
				GCC_DYNAMIC_NO_PIC = NO;
				GCC_NO_COMMON_BLOCKS = YES;
				GCC_OPTIMIZATION_LEVEL = 0;
				GCC_PREPROCESSOR_DEFINITIONS = (
					"DEBUG=1",
					"$(inherited)",
				);
				GCC_WARN_64_TO_32_BIT_CONVERSION = YES;
				GCC_WARN_ABOUT_RETURN_TYPE = YES_ERROR;
				GCC_WARN_UNDECLARED_SELECTOR = YES;
				GCC_WARN_UNINITIALIZED_AUTOS = YES_AGGRESSIVE;
				GCC_WARN_UNUSED_FUNCTION = YES;
				GCC_WARN_UNUSED_VARIABLE = YES;
				IPHONEOS_DEPLOYMENT_TARGET = 17.2;
				LOCALIZATION_PREFERS_STRING_CATALOGS = YES;
				MTL_ENABLE_DEBUG_INFO = INCLUDE_SOURCE;
				MTL_FAST_MATH = YES;
				ONLY_ACTIVE_ARCH = YES;
				SDKROOT = iphoneos;
				SWIFT_ACTIVE_COMPILATION_CONDITIONS = "DEBUG $(inherited)";
				SWIFT_OPTIMIZATION_LEVEL = "-Onone";
			};
			name = Debug;
		};
		4980B5A02CBE6233006376CC /* Release */ = {
			isa = XCBuildConfiguration;
			buildSettings = {
				ALWAYS_SEARCH_USER_PATHS = NO;
				ASSETCATALOG_COMPILER_GENERATE_SWIFT_ASSET_SYMBOL_EXTENSIONS = YES;
				CLANG_ANALYZER_LOCALIZABILITY_NONLOCALIZED = YES;
				CLANG_ANALYZER_NONNULL = YES;
				CLANG_ANALYZER_NUMBER_OBJECT_CONVERSION = YES_AGGRESSIVE;
				CLANG_CXX_LANGUAGE_STANDARD = "gnu++20";
				CLANG_ENABLE_MODULES = YES;
				CLANG_ENABLE_OBJC_ARC = YES;
				CLANG_ENABLE_OBJC_WEAK = YES;
				CLANG_WARN_BLOCK_CAPTURE_AUTORELEASING = YES;
				CLANG_WARN_BOOL_CONVERSION = YES;
				CLANG_WARN_COMMA = YES;
				CLANG_WARN_CONSTANT_CONVERSION = YES;
				CLANG_WARN_DEPRECATED_OBJC_IMPLEMENTATIONS = YES;
				CLANG_WARN_DIRECT_OBJC_ISA_USAGE = YES_ERROR;
				CLANG_WARN_DOCUMENTATION_COMMENTS = YES;
				CLANG_WARN_EMPTY_BODY = YES;
				CLANG_WARN_ENUM_CONVERSION = YES;
				CLANG_WARN_INFINITE_RECURSION = YES;
				CLANG_WARN_INT_CONVERSION = YES;
				CLANG_WARN_NON_LITERAL_NULL_CONVERSION = YES;
				CLANG_WARN_OBJC_IMPLICIT_RETAIN_SELF = YES;
				CLANG_WARN_OBJC_LITERAL_CONVERSION = YES;
				CLANG_WARN_OBJC_ROOT_CLASS = YES_ERROR;
				CLANG_WARN_QUOTED_INCLUDE_IN_FRAMEWORK_HEADER = YES;
				CLANG_WARN_RANGE_LOOP_ANALYSIS = YES;
				CLANG_WARN_STRICT_PROTOTYPES = YES;
				CLANG_WARN_SUSPICIOUS_MOVE = YES;
				CLANG_WARN_UNGUARDED_AVAILABILITY = YES_AGGRESSIVE;
				CLANG_WARN_UNREACHABLE_CODE = YES;
				CLANG_WARN__DUPLICATE_METHOD_MATCH = YES;
				COPY_PHASE_STRIP = NO;
				DEBUG_INFORMATION_FORMAT = "dwarf-with-dsym";
				ENABLE_NS_ASSERTIONS = NO;
				ENABLE_STRICT_OBJC_MSGSEND = YES;
				ENABLE_USER_SCRIPT_SANDBOXING = YES;
				GCC_C_LANGUAGE_STANDARD = gnu17;
				GCC_NO_COMMON_BLOCKS = YES;
				GCC_WARN_64_TO_32_BIT_CONVERSION = YES;
				GCC_WARN_ABOUT_RETURN_TYPE = YES_ERROR;
				GCC_WARN_UNDECLARED_SELECTOR = YES;
				GCC_WARN_UNINITIALIZED_AUTOS = YES_AGGRESSIVE;
				GCC_WARN_UNUSED_FUNCTION = YES;
				GCC_WARN_UNUSED_VARIABLE = YES;
				IPHONEOS_DEPLOYMENT_TARGET = 17.2;
				LOCALIZATION_PREFERS_STRING_CATALOGS = YES;
				MTL_ENABLE_DEBUG_INFO = NO;
				MTL_FAST_MATH = YES;
				SDKROOT = iphoneos;
				SWIFT_COMPILATION_MODE = wholemodule;
				VALIDATE_PRODUCT = YES;
			};
			name = Release;
		};
		4980B5A22CBE6233006376CC /* Debug */ = {
			isa = XCBuildConfiguration;
			buildSettings = {
				ASSETCATALOG_COMPILER_APPICON_NAME = AppIcon;
				ASSETCATALOG_COMPILER_GLOBAL_ACCENT_COLOR_NAME = AccentColor;
				CODE_SIGN_STYLE = Automatic;
				CURRENT_PROJECT_VERSION = 1;
				DEVELOPMENT_TEAM = 7M7ZLXRPTX;
				GENERATE_INFOPLIST_FILE = YES;
				INFOPLIST_FILE = WhatAnApp/Info.plist;
				INFOPLIST_KEY_UIApplicationSupportsIndirectInputEvents = YES;
				INFOPLIST_KEY_UILaunchStoryboardName = LaunchScreen;
				INFOPLIST_KEY_UIMainStoryboardFile = Main;
				INFOPLIST_KEY_UISupportedInterfaceOrientations_iPad = "UIInterfaceOrientationPortrait UIInterfaceOrientationPortraitUpsideDown UIInterfaceOrientationLandscapeLeft UIInterfaceOrientationLandscapeRight";
				INFOPLIST_KEY_UISupportedInterfaceOrientations_iPhone = "UIInterfaceOrientationPortrait UIInterfaceOrientationLandscapeLeft UIInterfaceOrientationLandscapeRight";
				LD_RUNPATH_SEARCH_PATHS = (
					"$(inherited)",
					"@executable_path/Frameworks",
				);
				MARKETING_VERSION = 1.0;
				PRODUCT_BUNDLE_IDENTIFIER = com.cassie.WhatAnApp;
				PRODUCT_NAME = "$(TARGET_NAME)";
				SWIFT_EMIT_LOC_STRINGS = YES;
				SWIFT_VERSION = 5.0;
				TARGETED_DEVICE_FAMILY = "1,2";
			};
			name = Debug;
		};
		4980B5A32CBE6233006376CC /* Release */ = {
			isa = XCBuildConfiguration;
			buildSettings = {
				ASSETCATALOG_COMPILER_APPICON_NAME = AppIcon;
				ASSETCATALOG_COMPILER_GLOBAL_ACCENT_COLOR_NAME = AccentColor;
				CODE_SIGN_STYLE = Automatic;
				CURRENT_PROJECT_VERSION = 1;
				DEVELOPMENT_TEAM = 7M7ZLXRPTX;
				GENERATE_INFOPLIST_FILE = YES;
				INFOPLIST_FILE = WhatAnApp/Info.plist;
				INFOPLIST_KEY_UIApplicationSupportsIndirectInputEvents = YES;
				INFOPLIST_KEY_UILaunchStoryboardName = LaunchScreen;
				INFOPLIST_KEY_UIMainStoryboardFile = Main;
				INFOPLIST_KEY_UISupportedInterfaceOrientations_iPad = "UIInterfaceOrientationPortrait UIInterfaceOrientationPortraitUpsideDown UIInterfaceOrientationLandscapeLeft UIInterfaceOrientationLandscapeRight";
				INFOPLIST_KEY_UISupportedInterfaceOrientations_iPhone = "UIInterfaceOrientationPortrait UIInterfaceOrientationLandscapeLeft UIInterfaceOrientationLandscapeRight";
				LD_RUNPATH_SEARCH_PATHS = (
					"$(inherited)",
					"@executable_path/Frameworks",
				);
				MARKETING_VERSION = 1.0;
				PRODUCT_BUNDLE_IDENTIFIER = com.cassie.WhatAnApp;
				PRODUCT_NAME = "$(TARGET_NAME)";
				SWIFT_EMIT_LOC_STRINGS = YES;
				SWIFT_VERSION = 5.0;
				TARGETED_DEVICE_FAMILY = "1,2";
			};
			name = Release;
		};
		4980B5A52CBE6233006376CC /* Debug */ = {
			isa = XCBuildConfiguration;
			buildSettings = {
				ALWAYS_EMBED_SWIFT_STANDARD_LIBRARIES = YES;
				BUNDLE_LOADER = "$(TEST_HOST)";
				CODE_SIGN_STYLE = Automatic;
				CURRENT_PROJECT_VERSION = 1;
				DEVELOPMENT_TEAM = 7M7ZLXRPTX;
				GENERATE_INFOPLIST_FILE = YES;
				IPHONEOS_DEPLOYMENT_TARGET = 17.2;
				MARKETING_VERSION = 1.0;
				PRODUCT_BUNDLE_IDENTIFIER = com.cassie.WhatAnAppTests;
				PRODUCT_NAME = "$(TARGET_NAME)";
				SWIFT_EMIT_LOC_STRINGS = NO;
				SWIFT_VERSION = 5.0;
				TARGETED_DEVICE_FAMILY = "1,2";
				TEST_HOST = "$(BUILT_PRODUCTS_DIR)/WhatAnApp.app/$(BUNDLE_EXECUTABLE_FOLDER_PATH)/WhatAnApp";
			};
			name = Debug;
		};
		4980B5A62CBE6233006376CC /* Release */ = {
			isa = XCBuildConfiguration;
			buildSettings = {
				ALWAYS_EMBED_SWIFT_STANDARD_LIBRARIES = YES;
				BUNDLE_LOADER = "$(TEST_HOST)";
				CODE_SIGN_STYLE = Automatic;
				CURRENT_PROJECT_VERSION = 1;
				DEVELOPMENT_TEAM = 7M7ZLXRPTX;
				GENERATE_INFOPLIST_FILE = YES;
				IPHONEOS_DEPLOYMENT_TARGET = 17.2;
				MARKETING_VERSION = 1.0;
				PRODUCT_BUNDLE_IDENTIFIER = com.cassie.WhatAnAppTests;
				PRODUCT_NAME = "$(TARGET_NAME)";
				SWIFT_EMIT_LOC_STRINGS = NO;
				SWIFT_VERSION = 5.0;
				TARGETED_DEVICE_FAMILY = "1,2";
				TEST_HOST = "$(BUILT_PRODUCTS_DIR)/WhatAnApp.app/$(BUNDLE_EXECUTABLE_FOLDER_PATH)/WhatAnApp";
			};
			name = Release;
		};
		4980B5A82CBE6233006376CC /* Debug */ = {
			isa = XCBuildConfiguration;
			buildSettings = {
				ALWAYS_EMBED_SWIFT_STANDARD_LIBRARIES = YES;
				CODE_SIGN_STYLE = Automatic;
				CURRENT_PROJECT_VERSION = 1;
				DEVELOPMENT_TEAM = 7M7ZLXRPTX;
				GENERATE_INFOPLIST_FILE = YES;
				MARKETING_VERSION = 1.0;
				PRODUCT_BUNDLE_IDENTIFIER = com.cassie.WhatAnAppUITests;
				PRODUCT_NAME = "$(TARGET_NAME)";
				SWIFT_EMIT_LOC_STRINGS = NO;
				SWIFT_VERSION = 5.0;
				TARGETED_DEVICE_FAMILY = "1,2";
				TEST_TARGET_NAME = WhatAnApp;
			};
			name = Debug;
		};
		4980B5A92CBE6233006376CC /* Release */ = {
			isa = XCBuildConfiguration;
			buildSettings = {
				ALWAYS_EMBED_SWIFT_STANDARD_LIBRARIES = YES;
				CODE_SIGN_STYLE = Automatic;
				CURRENT_PROJECT_VERSION = 1;
				DEVELOPMENT_TEAM = 7M7ZLXRPTX;
				GENERATE_INFOPLIST_FILE = YES;
				MARKETING_VERSION = 1.0;
				PRODUCT_BUNDLE_IDENTIFIER = com.cassie.WhatAnAppUITests;
				PRODUCT_NAME = "$(TARGET_NAME)";
				SWIFT_EMIT_LOC_STRINGS = NO;
				SWIFT_VERSION = 5.0;
				TARGETED_DEVICE_FAMILY = "1,2";
				TEST_TARGET_NAME = WhatAnApp;
			};
			name = Release;
		};
/* End XCBuildConfiguration section */

/* Begin XCConfigurationList section */
		4980B5722CBE622E006376CC /* Build configuration list for PBXProject "WhatAnApp" */ = {
			isa = XCConfigurationList;
			buildConfigurations = (
				4980B59F2CBE6233006376CC /* Debug */,
				4980B5A02CBE6233006376CC /* Release */,
			);
			defaultConfigurationIsVisible = 0;
			defaultConfigurationName = Release;
		};
		4980B5A12CBE6233006376CC /* Build configuration list for PBXNativeTarget "WhatAnApp" */ = {
			isa = XCConfigurationList;
			buildConfigurations = (
				4980B5A22CBE6233006376CC /* Debug */,
				4980B5A32CBE6233006376CC /* Release */,
			);
			defaultConfigurationIsVisible = 0;
			defaultConfigurationName = Release;
		};
		4980B5A42CBE6233006376CC /* Build configuration list for PBXNativeTarget "WhatAnAppTests" */ = {
			isa = XCConfigurationList;
			buildConfigurations = (
				4980B5A52CBE6233006376CC /* Debug */,
				4980B5A62CBE6233006376CC /* Release */,
			);
			defaultConfigurationIsVisible = 0;
			defaultConfigurationName = Release;
		};
		4980B5A72CBE6233006376CC /* Build configuration list for PBXNativeTarget "WhatAnAppUITests" */ = {
			isa = XCConfigurationList;
			buildConfigurations = (
				4980B5A82CBE6233006376CC /* Debug */,
				4980B5A92CBE6233006376CC /* Release */,
			);
			defaultConfigurationIsVisible = 0;
			defaultConfigurationName = Release;
		};
/* End XCConfigurationList section */
	};
	rootObject = 4980B56F2CBE622E006376CC /* Project object */;
}
